
Microsoft Visual Studio Solution File, Format Version 12.00
# Visual Studio Version 17
VisualStudioVersion = 17.14.36429.23 d17.14
MinimumVisualStudioVersion = 10.0.40219.1
Project("{FAE04EC0-301F-11D3-BF4B-00C04F79EFBC}") = "FirstConsoleApp", "FirstConsoleApp\FirstConsoleApp.csproj", "{66D07BF5-951C-40CC-ADB8-C50631E65274}"
EndProject
Global
	GlobalSection(SolutionConfigurationPlatforms) = preSolution
		Debug|Any CPU = Debug|Any CPU
		Release|Any CPU = Release|Any CPU
	EndGlobalSection
	GlobalSection(ProjectConfigurationPlatforms) = postSolution
		{66D07BF5-951C-40CC-ADB8-C50631E65274}.Debug|Any CPU.ActiveCfg = Debug|Any CPU
		{66D07BF5-951C-40CC-ADB8-C50631E65274}.Debug|Any CPU.Build.0 = Debug|Any CPU
		{66D07BF5-951C-40CC-ADB8-C50631E65274}.Release|Any CPU.ActiveCfg = Release|Any CPU
		{66D07BF5-951C-40CC-ADB8-C50631E65274}.Release|Any CPU.Build.0 = Release|Any CPU
	EndGlobalSection
	GlobalSection(SolutionProperties) = preSolution
		HideSolutionNode = FALSE
	EndGlobalSection
	GlobalSection(ExtensibilityGlobals) = postSolution
		SolutionGuid = {71DF7C74-0F45-4AF3-A49B-06160DAF99C9}
	EndGlobalSection
EndGlobal
